
Microsoft Visual Studio Solution File, Format Version 12.00
# Visual Studio Version 17
VisualStudioVersion = 17.8.34525.116
MinimumVisualStudioVersion = 10.0.40219.1
Project("{9A19103F-16F7-4668-BE54-9A1E7A4F7556}") = "StartUp", "StartUp\StartUp.csproj", "{BB8E3B44-06AD-4B7C-BF1B-56665AA0AFF1}"
EndProject
Project("{9A19103F-16F7-4668-BE54-9A1E7A4F7556}") = "CoreLayer", "CoreLayer\CoreLayer.csproj", "{F58C84AC-6046-481B-A52C-A62C056EDD6E}"
EndProject
Project("{9A19103F-16F7-4668-BE54-9A1E7A4F7556}") = "EntityLayer", "EntityLayer\EntityLayer.csproj", "{28E902CF-DA20-45E6-8839-176E070025BA}"
EndProject
Project("{FAE04EC0-301F-11D3-BF4B-00C04F79EFBC}") = "RepositoryLayer", "RepositoryLayer\RepositoryLayer.csproj", "{EFF5ED87-5ACA-48D1-8CCB-88C2614B1082}"
EndProject
Project("{FAE04EC0-301F-11D3-BF4B-00C04F79EFBC}") = "ServiceLayer", "ServiceLayer\ServiceLayer.csproj", "{ABE9A163-B22C-418A-8352-123628B88601}"
EndProject
Global
	GlobalSection(SolutionConfigurationPlatforms) = preSolution
		Debug|Any CPU = Debug|Any CPU
		Release|Any CPU = Release|Any CPU
	EndGlobalSection
	GlobalSection(ProjectConfigurationPlatforms) = postSolution
		{BB8E3B44-06AD-4B7C-BF1B-56665AA0AFF1}.Debug|Any CPU.ActiveCfg = Debug|Any CPU
		{BB8E3B44-06AD-4B7C-BF1B-56665AA0AFF1}.Debug|Any CPU.Build.0 = Debug|Any CPU
		{BB8E3B44-06AD-4B7C-BF1B-56665AA0AFF1}.Release|Any CPU.ActiveCfg = Release|Any CPU
		{BB8E3B44-06AD-4B7C-BF1B-56665AA0AFF1}.Release|Any CPU.Build.0 = Release|Any CPU
		{F58C84AC-6046-481B-A52C-A62C056EDD6E}.Debug|Any CPU.ActiveCfg = Debug|Any CPU
		{F58C84AC-6046-481B-A52C-A62C056EDD6E}.Debug|Any CPU.Build.0 = Debug|Any CPU
		{F58C84AC-6046-481B-A52C-A62C056EDD6E}.Release|Any CPU.ActiveCfg = Release|Any CPU
		{F58C84AC-6046-481B-A52C-A62C056EDD6E}.Release|Any CPU.Build.0 = Release|Any CPU
		{28E902CF-DA20-45E6-8839-176E070025BA}.Debug|Any CPU.ActiveCfg = Debug|Any CPU
		{28E902CF-DA20-45E6-8839-176E070025BA}.Debug|Any CPU.Build.0 = Debug|Any CPU
		{28E902CF-DA20-45E6-8839-176E070025BA}.Release|Any CPU.ActiveCfg = Release|Any CPU
		{28E902CF-DA20-45E6-8839-176E070025BA}.Release|Any CPU.Build.0 = Release|Any CPU
		{EFF5ED87-5ACA-48D1-8CCB-88C2614B1082}.Debug|Any CPU.ActiveCfg = Debug|Any CPU
		{EFF5ED87-5ACA-48D1-8CCB-88C2614B1082}.Debug|Any CPU.Build.0 = Debug|Any CPU
		{EFF5ED87-5ACA-48D1-8CCB-88C2614B1082}.Release|Any CPU.ActiveCfg = Release|Any CPU
		{EFF5ED87-5ACA-48D1-8CCB-88C2614B1082}.Release|Any CPU.Build.0 = Release|Any CPU
		{ABE9A163-B22C-418A-8352-123628B88601}.Debug|Any CPU.ActiveCfg = Debug|Any CPU
		{ABE9A163-B22C-418A-8352-123628B88601}.Debug|Any CPU.Build.0 = Debug|Any CPU
		{ABE9A163-B22C-418A-8352-123628B88601}.Release|Any CPU.ActiveCfg = Release|Any CPU
		{ABE9A163-B22C-418A-8352-123628B88601}.Release|Any CPU.Build.0 = Release|Any CPU
	EndGlobalSection
	GlobalSection(SolutionProperties) = preSolution
		HideSolutionNode = FALSE
	EndGlobalSection
	GlobalSection(ExtensibilityGlobals) = postSolution
		SolutionGuid = {EDAF3A6B-AC32-46EB-A656-EAE264A7E34B}
	EndGlobalSection
EndGlobal
